
Microsoft Visual Studio Solution File, Format Version 12.00
# Visual Studio Version 17
VisualStudioVersion = 17.4.33122.133
MinimumVisualStudioVersion = 10.0.40219.1
Project("{9A19103F-16F7-4668-BE54-9A1E7A4F7556}") = "SkyDrive", "SkyDrive\SkyDrive.csproj", "{D1E97D85-EE0B-41FB-A9B4-9A39DC227F0F}"
EndProject
Project("{9A19103F-16F7-4668-BE54-9A1E7A4F7556}") = "SkyDrive.BLL", "SkyDrive.BLL\SkyDrive.BLL.csproj", "{1D4C8999-EFA6-4B27-96F0-2BA22D4089E0}"
EndProject
Project("{9A19103F-16F7-4668-BE54-9A1E7A4F7556}") = "SkyDrive.DAL", "SkyDrive.DAL\SkyDrive.DAL.csproj", "{8F867E32-C12A-47D9-9811-2E14EAFAD919}"
EndProject
Project("{9A19103F-16F7-4668-BE54-9A1E7A4F7556}") = "SkyDrive.Tests", "SkyDrive.Tests\SkyDrive.Tests.csproj", "{2CD18280-F623-4185-B899-8618C0C4898C}"
EndProject
Project("{E53339B2-1760-4266-BCC7-CA923CBCF16C}") = "docker-compose", "docker-compose.dcproj", "{51D784B2-4FBA-4942-9E0F-72E85BE3BC14}"
EndProject
Global
	GlobalSection(SolutionConfigurationPlatforms) = preSolution
		Debug|Any CPU = Debug|Any CPU
		Release|Any CPU = Release|Any CPU
	EndGlobalSection
	GlobalSection(ProjectConfigurationPlatforms) = postSolution
		{D1E97D85-EE0B-41FB-A9B4-9A39DC227F0F}.Debug|Any CPU.ActiveCfg = Debug|Any CPU
		{D1E97D85-EE0B-41FB-A9B4-9A39DC227F0F}.Debug|Any CPU.Build.0 = Debug|Any CPU
		{D1E97D85-EE0B-41FB-A9B4-9A39DC227F0F}.Release|Any CPU.ActiveCfg = Release|Any CPU
		{D1E97D85-EE0B-41FB-A9B4-9A39DC227F0F}.Release|Any CPU.Build.0 = Release|Any CPU
		{1D4C8999-EFA6-4B27-96F0-2BA22D4089E0}.Debug|Any CPU.ActiveCfg = Debug|Any CPU
		{1D4C8999-EFA6-4B27-96F0-2BA22D4089E0}.Debug|Any CPU.Build.0 = Debug|Any CPU
		{1D4C8999-EFA6-4B27-96F0-2BA22D4089E0}.Release|Any CPU.ActiveCfg = Release|Any CPU
		{1D4C8999-EFA6-4B27-96F0-2BA22D4089E0}.Release|Any CPU.Build.0 = Release|Any CPU
		{8F867E32-C12A-47D9-9811-2E14EAFAD919}.Debug|Any CPU.ActiveCfg = Debug|Any CPU
		{8F867E32-C12A-47D9-9811-2E14EAFAD919}.Debug|Any CPU.Build.0 = Debug|Any CPU
		{8F867E32-C12A-47D9-9811-2E14EAFAD919}.Release|Any CPU.ActiveCfg = Release|Any CPU
		{8F867E32-C12A-47D9-9811-2E14EAFAD919}.Release|Any CPU.Build.0 = Release|Any CPU
		{2CD18280-F623-4185-B899-8618C0C4898C}.Debug|Any CPU.ActiveCfg = Debug|Any CPU
		{2CD18280-F623-4185-B899-8618C0C4898C}.Debug|Any CPU.Build.0 = Debug|Any CPU
		{2CD18280-F623-4185-B899-8618C0C4898C}.Release|Any CPU.ActiveCfg = Release|Any CPU
		{2CD18280-F623-4185-B899-8618C0C4898C}.Release|Any CPU.Build.0 = Release|Any CPU
		{51D784B2-4FBA-4942-9E0F-72E85BE3BC14}.Debug|Any CPU.ActiveCfg = Debug|Any CPU
		{51D784B2-4FBA-4942-9E0F-72E85BE3BC14}.Debug|Any CPU.Build.0 = Debug|Any CPU
		{51D784B2-4FBA-4942-9E0F-72E85BE3BC14}.Release|Any CPU.ActiveCfg = Release|Any CPU
		{51D784B2-4FBA-4942-9E0F-72E85BE3BC14}.Release|Any CPU.Build.0 = Release|Any CPU
	EndGlobalSection
	GlobalSection(SolutionProperties) = preSolution
		HideSolutionNode = FALSE
	EndGlobalSection
	GlobalSection(ExtensibilityGlobals) = postSolution
		SolutionGuid = {7D662649-31AD-439D-B401-7D2B686ABCE5}
	EndGlobalSection
EndGlobal
